
Microsoft Visual Studio Solution File, Format Version 12.00
# Visual Studio Version 16
VisualStudioVersion = 16.0.31321.278
MinimumVisualStudioVersion = 10.0.40219.1
Project("{FAE04EC0-301F-11D3-BF4B-00C04F79EFBC}") = "观察者模式", "观察者模式\观察者模式.csproj", "{61E5D1A5-7F3F-4924-8D9C-059025342605}"
EndProject
Project("{FAE04EC0-301F-11D3-BF4B-00C04F79EFBC}") = "抽象工厂模式", "抽象工厂模式\抽象工厂模式.csproj", "{6763ABE7-6D4F-4170-B688-C67DBDAD3EF8}"
EndProject
Project("{FAE04EC0-301F-11D3-BF4B-00C04F79EFBC}") = "单例模式", "单例模式\单例模式.csproj", "{2625FE1E-EA71-4233-A320-21B8CAAAA6B2}"
EndProject
Project("{FAE04EC0-301F-11D3-BF4B-00C04F79EFBC}") = "状态模式", "状态模式\状态模式.csproj", "{6D0F0D6B-BDE3-4545-A294-D42D16B2DF0C}"
EndProject
Project("{FAE04EC0-301F-11D3-BF4B-00C04F79EFBC}") = "中介模式", "中介模式\中介模式.csproj", "{F11ADC62-E162-4A76-AE7A-48420C7B74E2}"
EndProject
Project("{FAE04EC0-301F-11D3-BF4B-00C04F79EFBC}") = "简单工场模式", "简单工场模式\简单工场模式.csproj", "{13FBC276-E602-428C-B8B2-D493115F9B83}"
EndProject
Project("{FAE04EC0-301F-11D3-BF4B-00C04F79EFBC}") = "建造者模式", "建造者模式\建造者模式.csproj", "{B3F7E731-F7E1-4C57-92BA-633779DBAD23}"
EndProject
Project("{FAE04EC0-301F-11D3-BF4B-00C04F79EFBC}") = "原型模式", "原型模式\原型模式.csproj", "{3F22ED15-9A49-459F-BCF4-426B1274C4EF}"
EndProject
Project("{FAE04EC0-301F-11D3-BF4B-00C04F79EFBC}") = "适配器模式", "适配器模式\适配器模式.csproj", "{2DD44533-B10C-462A-8BFE-F99126F50565}"
EndProject
Project("{FAE04EC0-301F-11D3-BF4B-00C04F79EFBC}") = "桥接设计模式", "桥接设计模式\桥接设计模式.csproj", "{632E1DE9-FCBB-4F60-9BDC-D0A715CA5A8C}"
EndProject
Project("{FAE04EC0-301F-11D3-BF4B-00C04F79EFBC}") = "备忘录模式", "备忘录模式\备忘录模式.csproj", "{7E51C346-7025-40A1-BF29-7684BE1F3D61}"
EndProject
Project("{FAE04EC0-301F-11D3-BF4B-00C04F79EFBC}") = "访问者模式", "访问者模式\访问者模式.csproj", "{A9D37650-D570-4F7D-880C-296724A57CFF}"
EndProject
Project("{FAE04EC0-301F-11D3-BF4B-00C04F79EFBC}") = "责任链模式", "责任链模式\责任链模式.csproj", "{034789C1-CF22-420A-9F94-57A2B238AB3D}"
EndProject
Project("{FAE04EC0-301F-11D3-BF4B-00C04F79EFBC}") = "策略者模式", "策略者模式\策略者模式.csproj", "{A062E79E-AF9B-4A8B-9949-022869F10720}"
EndProject
Project("{FAE04EC0-301F-11D3-BF4B-00C04F79EFBC}") = "迭代器模式", "迭代器模式\迭代器模式.csproj", "{A91307CD-953C-4E85-8FFE-D64622D32D13}"
EndProject
Project("{FAE04EC0-301F-11D3-BF4B-00C04F79EFBC}") = "命令者模式", "命令者模式\命令者模式.csproj", "{84A117CF-7021-4A32-93F8-2F026D684CFD}"
EndProject
Project("{FAE04EC0-301F-11D3-BF4B-00C04F79EFBC}") = "模板方法模式", "模板方法模式\模板方法模式.csproj", "{F55A6AB9-C6CE-46CC-9116-D670E7540113}"
EndProject
Project("{FAE04EC0-301F-11D3-BF4B-00C04F79EFBC}") = "代理模式", "代理模式\代理模式.csproj", "{A2B92833-D7DB-49F3-AEDC-DB4391CDE67C}"
EndProject
Project("{FAE04EC0-301F-11D3-BF4B-00C04F79EFBC}") = "亨元模式", "亨元模式\亨元模式.csproj", "{D49A5182-848A-4689-B817-7A4774BAAB6D}"
EndProject
Project("{FAE04EC0-301F-11D3-BF4B-00C04F79EFBC}") = "外观者模式", "外观者模式\外观者模式.csproj", "{167A3B7C-C5DF-4B0D-949F-1B9BB10372C9}"
EndProject
Project("{FAE04EC0-301F-11D3-BF4B-00C04F79EFBC}") = "组合体模式", "组合体模式\组合体模式.csproj", "{BA3A009D-7BBE-4C5F-97B9-27655E811B45}"
EndProject
Project("{FAE04EC0-301F-11D3-BF4B-00C04F79EFBC}") = "装饰者模式", "装饰者模式\装饰者模式.csproj", "{E97BB274-5E4C-4BEA-85E6-F737F3DEC916}"
EndProject
Project("{FAE04EC0-301F-11D3-BF4B-00C04F79EFBC}") = "工厂设计模式", "工厂设计模式\工厂设计模式.csproj", "{CEE2FA9B-1368-41F0-82A3-604DE4A38989}"
EndProject
Project("{FAE04EC0-301F-11D3-BF4B-00C04F79EFBC}") = "IOCFrameWork", "IOC容器\IOCFrameWork.csproj", "{CBDCE12C-EAFA-4625-820A-33374A0E098F}"
EndProject
Global
	GlobalSection(SolutionConfigurationPlatforms) = preSolution
		Debug|Any CPU = Debug|Any CPU
		Release|Any CPU = Release|Any CPU
	EndGlobalSection
	GlobalSection(ProjectConfigurationPlatforms) = postSolution
		{61E5D1A5-7F3F-4924-8D9C-059025342605}.Debug|Any CPU.ActiveCfg = Debug|Any CPU
		{61E5D1A5-7F3F-4924-8D9C-059025342605}.Debug|Any CPU.Build.0 = Debug|Any CPU
		{61E5D1A5-7F3F-4924-8D9C-059025342605}.Release|Any CPU.ActiveCfg = Release|Any CPU
		{61E5D1A5-7F3F-4924-8D9C-059025342605}.Release|Any CPU.Build.0 = Release|Any CPU
		{6763ABE7-6D4F-4170-B688-C67DBDAD3EF8}.Debug|Any CPU.ActiveCfg = Debug|Any CPU
		{6763ABE7-6D4F-4170-B688-C67DBDAD3EF8}.Debug|Any CPU.Build.0 = Debug|Any CPU
		{6763ABE7-6D4F-4170-B688-C67DBDAD3EF8}.Release|Any CPU.ActiveCfg = Release|Any CPU
		{6763ABE7-6D4F-4170-B688-C67DBDAD3EF8}.Release|Any CPU.Build.0 = Release|Any CPU
		{2625FE1E-EA71-4233-A320-21B8CAAAA6B2}.Debug|Any CPU.ActiveCfg = Debug|Any CPU
		{2625FE1E-EA71-4233-A320-21B8CAAAA6B2}.Debug|Any CPU.Build.0 = Debug|Any CPU
		{2625FE1E-EA71-4233-A320-21B8CAAAA6B2}.Release|Any CPU.ActiveCfg = Release|Any CPU
		{2625FE1E-EA71-4233-A320-21B8CAAAA6B2}.Release|Any CPU.Build.0 = Release|Any CPU
		{6D0F0D6B-BDE3-4545-A294-D42D16B2DF0C}.Debug|Any CPU.ActiveCfg = Debug|Any CPU
		{6D0F0D6B-BDE3-4545-A294-D42D16B2DF0C}.Debug|Any CPU.Build.0 = Debug|Any CPU
		{6D0F0D6B-BDE3-4545-A294-D42D16B2DF0C}.Release|Any CPU.ActiveCfg = Release|Any CPU
		{6D0F0D6B-BDE3-4545-A294-D42D16B2DF0C}.Release|Any CPU.Build.0 = Release|Any CPU
		{F11ADC62-E162-4A76-AE7A-48420C7B74E2}.Debug|Any CPU.ActiveCfg = Debug|Any CPU
		{F11ADC62-E162-4A76-AE7A-48420C7B74E2}.Debug|Any CPU.Build.0 = Debug|Any CPU
		{F11ADC62-E162-4A76-AE7A-48420C7B74E2}.Release|Any CPU.ActiveCfg = Release|Any CPU
		{F11ADC62-E162-4A76-AE7A-48420C7B74E2}.Release|Any CPU.Build.0 = Release|Any CPU
		{13FBC276-E602-428C-B8B2-D493115F9B83}.Debug|Any CPU.ActiveCfg = Debug|Any CPU
		{13FBC276-E602-428C-B8B2-D493115F9B83}.Debug|Any CPU.Build.0 = Debug|Any CPU
		{13FBC276-E602-428C-B8B2-D493115F9B83}.Release|Any CPU.ActiveCfg = Release|Any CPU
		{13FBC276-E602-428C-B8B2-D493115F9B83}.Release|Any CPU.Build.0 = Release|Any CPU
		{B3F7E731-F7E1-4C57-92BA-633779DBAD23}.Debug|Any CPU.ActiveCfg = Debug|Any CPU
		{B3F7E731-F7E1-4C57-92BA-633779DBAD23}.Debug|Any CPU.Build.0 = Debug|Any CPU
		{B3F7E731-F7E1-4C57-92BA-633779DBAD23}.Release|Any CPU.ActiveCfg = Release|Any CPU
		{B3F7E731-F7E1-4C57-92BA-633779DBAD23}.Release|Any CPU.Build.0 = Release|Any CPU
		{3F22ED15-9A49-459F-BCF4-426B1274C4EF}.Debug|Any CPU.ActiveCfg = Debug|Any CPU
		{3F22ED15-9A49-459F-BCF4-426B1274C4EF}.Debug|Any CPU.Build.0 = Debug|Any CPU
		{3F22ED15-9A49-459F-BCF4-426B1274C4EF}.Release|Any CPU.ActiveCfg = Release|Any CPU
		{3F22ED15-9A49-459F-BCF4-426B1274C4EF}.Release|Any CPU.Build.0 = Release|Any CPU
		{2DD44533-B10C-462A-8BFE-F99126F50565}.Debug|Any CPU.ActiveCfg = Debug|Any CPU
		{2DD44533-B10C-462A-8BFE-F99126F50565}.Debug|Any CPU.Build.0 = Debug|Any CPU
		{2DD44533-B10C-462A-8BFE-F99126F50565}.Release|Any CPU.ActiveCfg = Release|Any CPU
		{2DD44533-B10C-462A-8BFE-F99126F50565}.Release|Any CPU.Build.0 = Release|Any CPU
		{632E1DE9-FCBB-4F60-9BDC-D0A715CA5A8C}.Debug|Any CPU.ActiveCfg = Debug|Any CPU
		{632E1DE9-FCBB-4F60-9BDC-D0A715CA5A8C}.Debug|Any CPU.Build.0 = Debug|Any CPU
		{632E1DE9-FCBB-4F60-9BDC-D0A715CA5A8C}.Release|Any CPU.ActiveCfg = Release|Any CPU
		{632E1DE9-FCBB-4F60-9BDC-D0A715CA5A8C}.Release|Any CPU.Build.0 = Release|Any CPU
		{7E51C346-7025-40A1-BF29-7684BE1F3D61}.Debug|Any CPU.ActiveCfg = Debug|Any CPU
		{7E51C346-7025-40A1-BF29-7684BE1F3D61}.Debug|Any CPU.Build.0 = Debug|Any CPU
		{7E51C346-7025-40A1-BF29-7684BE1F3D61}.Release|Any CPU.ActiveCfg = Release|Any CPU
		{7E51C346-7025-40A1-BF29-7684BE1F3D61}.Release|Any CPU.Build.0 = Release|Any CPU
		{A9D37650-D570-4F7D-880C-296724A57CFF}.Debug|Any CPU.ActiveCfg = Debug|Any CPU
		{A9D37650-D570-4F7D-880C-296724A57CFF}.Debug|Any CPU.Build.0 = Debug|Any CPU
		{A9D37650-D570-4F7D-880C-296724A57CFF}.Release|Any CPU.ActiveCfg = Release|Any CPU
		{A9D37650-D570-4F7D-880C-296724A57CFF}.Release|Any CPU.Build.0 = Release|Any CPU
		{034789C1-CF22-420A-9F94-57A2B238AB3D}.Debug|Any CPU.ActiveCfg = Debug|Any CPU
		{034789C1-CF22-420A-9F94-57A2B238AB3D}.Debug|Any CPU.Build.0 = Debug|Any CPU
		{034789C1-CF22-420A-9F94-57A2B238AB3D}.Release|Any CPU.ActiveCfg = Release|Any CPU
		{034789C1-CF22-420A-9F94-57A2B238AB3D}.Release|Any CPU.Build.0 = Release|Any CPU
		{A062E79E-AF9B-4A8B-9949-022869F10720}.Debug|Any CPU.ActiveCfg = Debug|Any CPU
		{A062E79E-AF9B-4A8B-9949-022869F10720}.Debug|Any CPU.Build.0 = Debug|Any CPU
		{A062E79E-AF9B-4A8B-9949-022869F10720}.Release|Any CPU.ActiveCfg = Release|Any CPU
		{A062E79E-AF9B-4A8B-9949-022869F10720}.Release|Any CPU.Build.0 = Release|Any CPU
		{A91307CD-953C-4E85-8FFE-D64622D32D13}.Debug|Any CPU.ActiveCfg = Debug|Any CPU
		{A91307CD-953C-4E85-8FFE-D64622D32D13}.Debug|Any CPU.Build.0 = Debug|Any CPU
		{A91307CD-953C-4E85-8FFE-D64622D32D13}.Release|Any CPU.ActiveCfg = Release|Any CPU
		{A91307CD-953C-4E85-8FFE-D64622D32D13}.Release|Any CPU.Build.0 = Release|Any CPU
		{84A117CF-7021-4A32-93F8-2F026D684CFD}.Debug|Any CPU.ActiveCfg = Debug|Any CPU
		{84A117CF-7021-4A32-93F8-2F026D684CFD}.Debug|Any CPU.Build.0 = Debug|Any CPU
		{84A117CF-7021-4A32-93F8-2F026D684CFD}.Release|Any CPU.ActiveCfg = Release|Any CPU
		{84A117CF-7021-4A32-93F8-2F026D684CFD}.Release|Any CPU.Build.0 = Release|Any CPU
		{F55A6AB9-C6CE-46CC-9116-D670E7540113}.Debug|Any CPU.ActiveCfg = Debug|Any CPU
		{F55A6AB9-C6CE-46CC-9116-D670E7540113}.Debug|Any CPU.Build.0 = Debug|Any CPU
		{F55A6AB9-C6CE-46CC-9116-D670E7540113}.Release|Any CPU.ActiveCfg = Release|Any CPU
		{F55A6AB9-C6CE-46CC-9116-D670E7540113}.Release|Any CPU.Build.0 = Release|Any CPU
		{A2B92833-D7DB-49F3-AEDC-DB4391CDE67C}.Debug|Any CPU.ActiveCfg = Debug|Any CPU
		{A2B92833-D7DB-49F3-AEDC-DB4391CDE67C}.Debug|Any CPU.Build.0 = Debug|Any CPU
		{A2B92833-D7DB-49F3-AEDC-DB4391CDE67C}.Release|Any CPU.ActiveCfg = Release|Any CPU
		{A2B92833-D7DB-49F3-AEDC-DB4391CDE67C}.Release|Any CPU.Build.0 = Release|Any CPU
		{D49A5182-848A-4689-B817-7A4774BAAB6D}.Debug|Any CPU.ActiveCfg = Debug|Any CPU
		{D49A5182-848A-4689-B817-7A4774BAAB6D}.Debug|Any CPU.Build.0 = Debug|Any CPU
		{D49A5182-848A-4689-B817-7A4774BAAB6D}.Release|Any CPU.ActiveCfg = Release|Any CPU
		{D49A5182-848A-4689-B817-7A4774BAAB6D}.Release|Any CPU.Build.0 = Release|Any CPU
		{167A3B7C-C5DF-4B0D-949F-1B9BB10372C9}.Debug|Any CPU.ActiveCfg = Debug|Any CPU
		{167A3B7C-C5DF-4B0D-949F-1B9BB10372C9}.Debug|Any CPU.Build.0 = Debug|Any CPU
		{167A3B7C-C5DF-4B0D-949F-1B9BB10372C9}.Release|Any CPU.ActiveCfg = Release|Any CPU
		{167A3B7C-C5DF-4B0D-949F-1B9BB10372C9}.Release|Any CPU.Build.0 = Release|Any CPU
		{BA3A009D-7BBE-4C5F-97B9-27655E811B45}.Debug|Any CPU.ActiveCfg = Debug|Any CPU
		{BA3A009D-7BBE-4C5F-97B9-27655E811B45}.Debug|Any CPU.Build.0 = Debug|Any CPU
		{BA3A009D-7BBE-4C5F-97B9-27655E811B45}.Release|Any CPU.ActiveCfg = Release|Any CPU
		{BA3A009D-7BBE-4C5F-97B9-27655E811B45}.Release|Any CPU.Build.0 = Release|Any CPU
		{E97BB274-5E4C-4BEA-85E6-F737F3DEC916}.Debug|Any CPU.ActiveCfg = Debug|Any CPU
		{E97BB274-5E4C-4BEA-85E6-F737F3DEC916}.Debug|Any CPU.Build.0 = Debug|Any CPU
		{E97BB274-5E4C-4BEA-85E6-F737F3DEC916}.Release|Any CPU.ActiveCfg = Release|Any CPU
		{E97BB274-5E4C-4BEA-85E6-F737F3DEC916}.Release|Any CPU.Build.0 = Release|Any CPU
		{CEE2FA9B-1368-41F0-82A3-604DE4A38989}.Debug|Any CPU.ActiveCfg = Debug|Any CPU
		{CEE2FA9B-1368-41F0-82A3-604DE4A38989}.Debug|Any CPU.Build.0 = Debug|Any CPU
		{CEE2FA9B-1368-41F0-82A3-604DE4A38989}.Release|Any CPU.ActiveCfg = Release|Any CPU
		{CEE2FA9B-1368-41F0-82A3-604DE4A38989}.Release|Any CPU.Build.0 = Release|Any CPU
		{CBDCE12C-EAFA-4625-820A-33374A0E098F}.Debug|Any CPU.ActiveCfg = Debug|Any CPU
		{CBDCE12C-EAFA-4625-820A-33374A0E098F}.Debug|Any CPU.Build.0 = Debug|Any CPU
		{CBDCE12C-EAFA-4625-820A-33374A0E098F}.Release|Any CPU.ActiveCfg = Release|Any CPU
		{CBDCE12C-EAFA-4625-820A-33374A0E098F}.Release|Any CPU.Build.0 = Release|Any CPU
	EndGlobalSection
	GlobalSection(SolutionProperties) = preSolution
		HideSolutionNode = FALSE
	EndGlobalSection
	GlobalSection(ExtensibilityGlobals) = postSolution
		SolutionGuid = {0B605BF6-892C-4267-A19F-4A63CC9AD34F}
	EndGlobalSection
EndGlobal
